
Microsoft Visual Studio Solution File, Format Version 12.00
# Visual Studio Version 17
VisualStudioVersion = 17.5.33414.496
MinimumVisualStudioVersion = 10.0.40219.1
Project("{9A19103F-16F7-4668-BE54-9A1E7A4F7556}") = "Claims.Api", "Claims.Api.csproj", "{DD1B3C6A-F67C-42CE-8B59-AAE8E691F8DF}"
EndProject
Project("{9A19103F-16F7-4668-BE54-9A1E7A4F7556}") = "Claims.Domain", "..\Claims.Domain\Claims.Domain.csproj", "{D82059BE-B072-4B81-B49F-B358C9D06166}"
EndProject
Project("{9A19103F-16F7-4668-BE54-9A1E7A4F7556}") = "Claims.Worker", "..\Claims.Worker\Claims.Worker.csproj", "{1479B306-B9D3-4FD1-BC1A-4DAD5DC687CE}"
	ProjectSection(ProjectDependencies) = postProject
		{D82059BE-B072-4B81-B49F-B358C9D06166} = {D82059BE-B072-4B81-B49F-B358C9D06166}
	EndProjectSection
EndProject
Global
	GlobalSection(SolutionConfigurationPlatforms) = preSolution
		Debug|Any CPU = Debug|Any CPU
		Release|Any CPU = Release|Any CPU
	EndGlobalSection
	GlobalSection(ProjectConfigurationPlatforms) = postSolution
		{DD1B3C6A-F67C-42CE-8B59-AAE8E691F8DF}.Debug|Any CPU.ActiveCfg = Debug|Any CPU
		{DD1B3C6A-F67C-42CE-8B59-AAE8E691F8DF}.Debug|Any CPU.Build.0 = Debug|Any CPU
		{DD1B3C6A-F67C-42CE-8B59-AAE8E691F8DF}.Release|Any CPU.ActiveCfg = Release|Any CPU
		{DD1B3C6A-F67C-42CE-8B59-AAE8E691F8DF}.Release|Any CPU.Build.0 = Release|Any CPU
		{D82059BE-B072-4B81-B49F-B358C9D06166}.Debug|Any CPU.ActiveCfg = Debug|Any CPU
		{D82059BE-B072-4B81-B49F-B358C9D06166}.Debug|Any CPU.Build.0 = Debug|Any CPU
		{D82059BE-B072-4B81-B49F-B358C9D06166}.Release|Any CPU.ActiveCfg = Release|Any CPU
		{D82059BE-B072-4B81-B49F-B358C9D06166}.Release|Any CPU.Build.0 = Release|Any CPU
		{1479B306-B9D3-4FD1-BC1A-4DAD5DC687CE}.Debug|Any CPU.ActiveCfg = Debug|Any CPU
		{1479B306-B9D3-4FD1-BC1A-4DAD5DC687CE}.Debug|Any CPU.Build.0 = Debug|Any CPU
		{1479B306-B9D3-4FD1-BC1A-4DAD5DC687CE}.Release|Any CPU.ActiveCfg = Release|Any CPU
		{1479B306-B9D3-4FD1-BC1A-4DAD5DC687CE}.Release|Any CPU.Build.0 = Release|Any CPU
	EndGlobalSection
	GlobalSection(SolutionProperties) = preSolution
		HideSolutionNode = FALSE
	EndGlobalSection
	GlobalSection(ExtensibilityGlobals) = postSolution
		SolutionGuid = {64051B3D-C572-46A2-90F9-9FC5F03758F2}
	EndGlobalSection
EndGlobal
